
Microsoft Visual Studio Solution File, Format Version 12.00
# Visual Studio Version 17
VisualStudioVersion = 17.9.34607.119
MinimumVisualStudioVersion = 10.0.40219.1
Project("{FAE04EC0-301F-11D3-BF4B-00C04F79EFBC}") = "Restaurants.API", "Restaurants.API\Restaurants.API.csproj", "{223DADD3-40A6-4874-AE7E-AC1082734840}"
EndProject
Global
	GlobalSection(SolutionConfigurationPlatforms) = preSolution
		Debug|Any CPU = Debug|Any CPU
		Release|Any CPU = Release|Any CPU
	EndGlobalSection
	GlobalSection(ProjectConfigurationPlatforms) = postSolution
		{223DADD3-40A6-4874-AE7E-AC1082734840}.Debug|Any CPU.ActiveCfg = Debug|Any CPU
		{223DADD3-40A6-4874-AE7E-AC1082734840}.Debug|Any CPU.Build.0 = Debug|Any CPU
		{223DADD3-40A6-4874-AE7E-AC1082734840}.Release|Any CPU.ActiveCfg = Release|Any CPU
		{223DADD3-40A6-4874-AE7E-AC1082734840}.Release|Any CPU.Build.0 = Release|Any CPU
	EndGlobalSection
	GlobalSection(SolutionProperties) = preSolution
		HideSolutionNode = FALSE
	EndGlobalSection
	GlobalSection(ExtensibilityGlobals) = postSolution
		SolutionGuid = {B1A43861-0759-4A5B-91F1-712A6BE4F21E}
	EndGlobalSection
EndGlobal
